
Microsoft Visual Studio Solution File, Format Version 12.00
# Visual Studio Version 16
VisualStudioVersion = 16.0.29503.13
MinimumVisualStudioVersion = 10.0.40219.1
Project("{FAE04EC0-301F-11D3-BF4B-00C04F79EFBC}") = "Celebrities", "Celebrities\Celebrities.csproj", "{1B7C63AC-6EA8-4532-BE37-79D6360F2CF4}"
EndProject
Global
	GlobalSection(SolutionConfigurationPlatforms) = preSolution
		Debug|Any CPU = Debug|Any CPU
		Release|Any CPU = Release|Any CPU
	EndGlobalSection
	GlobalSection(ProjectConfigurationPlatforms) = postSolution
		{1B7C63AC-6EA8-4532-BE37-79D6360F2CF4}.Debug|Any CPU.ActiveCfg = Debug|Any CPU
		{1B7C63AC-6EA8-4532-BE37-79D6360F2CF4}.Debug|Any CPU.Build.0 = Debug|Any CPU
		{1B7C63AC-6EA8-4532-BE37-79D6360F2CF4}.Release|Any CPU.ActiveCfg = Release|Any CPU
		{1B7C63AC-6EA8-4532-BE37-79D6360F2CF4}.Release|Any CPU.Build.0 = Release|Any CPU
	EndGlobalSection
	GlobalSection(SolutionProperties) = preSolution
		HideSolutionNode = FALSE
	EndGlobalSection
	GlobalSection(ExtensibilityGlobals) = postSolution
		SolutionGuid = {F57304E2-FEE4-4B7F-892C-D0EE2A7BC0A6}
	EndGlobalSection
EndGlobal
